{
  "name": "side_project",
  "version": "1.0.0",
  "lockfileVersion": 1,
  "requires": true,
  "dependencies": {
    "@types/babel-core": {
      "version": "6.25.2",
      "resolved": "https://registry.npmjs.org/@types/babel-core/-/babel-core-6.25.2.tgz",
      "integrity": "sha512-+Ush/fQHUDIithA5yDJWZiL6KdOiVOs5yuj4qcgvQOCnmJec+RgzkLgxnpgmM6Ear9RXa3aCcwjPiUnStPp1zA==",
      "requires": {
        "@types/babel-generator": "6.25.0",
        "@types/babel-template": "6.25.0",
        "@types/babel-traverse": "6.25.2",
        "@types/babel-types": "6.25.1",
        "@types/babylon": "6.16.2"
      }
    },
    "@types/babel-generator": {
      "version": "6.25.0",
      "resolved": "https://registry.npmjs.org/@types/babel-generator/-/babel-generator-6.25.0.tgz",
      "integrity": "sha512-WbrKGSt8SKOxAivCHB1fsIP59EyCCfMHuCYcA6yenjGxnjh0rK3BOSPHR96RdZD6ukgyDwzMF/biQH4llowTDg==",
      "requires": {
        "@types/babel-types": "6.25.1"
      }
    },
    "@types/babel-template": {
      "version": "6.25.0",
      "resolved": "https://registry.npmjs.org/@types/babel-template/-/babel-template-6.25.0.tgz",
      "integrity": "sha512-TtyfVlrprX92xSuKa8D//7vFz5kBJODBw5IQ1hQXehqO+me26vt1fyNxOZyXhUq2a7jRyT72V8p68IyH4NEZNA==",
      "requires": {
        "@types/babel-types": "6.25.1",
        "@types/babylon": "6.16.2"
      }
    },
    "@types/babel-traverse": {
      "version": "6.25.2",
      "resolved": "https://registry.npmjs.org/@types/babel-traverse/-/babel-traverse-6.25.2.tgz",
      "integrity": "sha512-SO/YPiHOYApenZJecbw1Psd2lopAQ9Wc9HnFevEvM1mOoNXHglV8mHgVkCQJRIrn6UgWqHE/QfvQ1uG1crNgHA==",
      "requires": {
        "@types/babel-types": "6.25.1"
      }
    },
    "@types/babel-types": {
      "version": "6.25.1",
      "resolved": "https://registry.npmjs.org/@types/babel-types/-/babel-types-6.25.1.tgz",
      "integrity": "sha512-7Z6r20+HE0viAFhsW0d/UrC1K2tTlpXzGpNlYm8MmCv8z5PbAacFIshrM/MjlGRa5SBqxu2socpy8FHntwZKng=="
    },
    "@types/babylon": {
      "version": "6.16.2",
      "resolved": "https://registry.npmjs.org/@types/babylon/-/babylon-6.16.2.tgz",
      "integrity": "sha512-+Jty46mPaWe1VAyZbfvgJM4BAdklLWxrT5tc/RjvCgLrtk6gzRY6AOnoWFv4p6hVxhJshDdr2hGVn56alBp97Q==",
      "requires": {
        "@types/babel-types": "6.25.1"
      }
    },
    "typescript-compiler": {
      "version": "1.4.1-2",
      "resolved": "https://registry.npmjs.org/typescript-compiler/-/typescript-compiler-1.4.1-2.tgz",
      "integrity": "sha1-uk99si2RU0oZKdkACdzhYety/T8="
    }
  }
}
